
Microsoft Visual Studio Solution File, Format Version 12.00
# Visual Studio Version 16
VisualStudioVersion = 25.0.1706.12
MinimumVisualStudioVersion = 10.0.40219.1
Project("{FAE04EC0-301F-11D3-BF4B-00C04F79EFBC}") = "EsercizioLunedì-Settimana2", "EsercizioLunedì-Settimana2\EsercizioLunedì-Settimana2.csproj", "{C84AB652-462F-4D32-9341-BB3B4325D3EF}"
EndProject
Global
	GlobalSection(SolutionConfigurationPlatforms) = preSolution
		Debug|Any CPU = Debug|Any CPU
		Release|Any CPU = Release|Any CPU
	EndGlobalSection
	GlobalSection(ProjectConfigurationPlatforms) = postSolution
		{C84AB652-462F-4D32-9341-BB3B4325D3EF}.Debug|Any CPU.ActiveCfg = Debug|Any CPU
		{C84AB652-462F-4D32-9341-BB3B4325D3EF}.Debug|Any CPU.Build.0 = Debug|Any CPU
		{C84AB652-462F-4D32-9341-BB3B4325D3EF}.Release|Any CPU.ActiveCfg = Release|Any CPU
		{C84AB652-462F-4D32-9341-BB3B4325D3EF}.Release|Any CPU.Build.0 = Release|Any CPU
	EndGlobalSection
	GlobalSection(SolutionProperties) = preSolution
		HideSolutionNode = FALSE
	EndGlobalSection
	GlobalSection(ExtensibilityGlobals) = postSolution
		SolutionGuid = {48692633-0E58-40D7-9754-E9515FEEED0D}
	EndGlobalSection
EndGlobal
