
Microsoft Visual Studio Solution File, Format Version 12.00
# Visual Studio Version 16
VisualStudioVersion = 25.0.1706.12
MinimumVisualStudioVersion = 10.0.40219.1
Project("{FAE04EC0-301F-11D3-BF4B-00C04F79EFBC}") = "SecondaProva", "SecondaProva\SecondaProva.csproj", "{49C0A49A-A65C-4924-8EEB-62955A40EF1E}"
EndProject
Global
	GlobalSection(SolutionConfigurationPlatforms) = preSolution
		Debug|Any CPU = Debug|Any CPU
		Release|Any CPU = Release|Any CPU
	EndGlobalSection
	GlobalSection(ProjectConfigurationPlatforms) = postSolution
		{49C0A49A-A65C-4924-8EEB-62955A40EF1E}.Debug|Any CPU.ActiveCfg = Debug|Any CPU
		{49C0A49A-A65C-4924-8EEB-62955A40EF1E}.Debug|Any CPU.Build.0 = Debug|Any CPU
		{49C0A49A-A65C-4924-8EEB-62955A40EF1E}.Release|Any CPU.ActiveCfg = Release|Any CPU
		{49C0A49A-A65C-4924-8EEB-62955A40EF1E}.Release|Any CPU.Build.0 = Release|Any CPU
	EndGlobalSection
	GlobalSection(SolutionProperties) = preSolution
		HideSolutionNode = FALSE
	EndGlobalSection
	GlobalSection(ExtensibilityGlobals) = postSolution
		SolutionGuid = {6C50F568-8D3D-42C6-BDA2-F1CD4AC87E52}
	EndGlobalSection
EndGlobal
